
Microsoft Visual Studio Solution File, Format Version 12.00
# Visual Studio Version 17
VisualStudioVersion = 17.0.31919.166
MinimumVisualStudioVersion = 10.0.40219.1
Project("{FAE04EC0-301F-11D3-BF4B-00C04F79EFBC}") = "PercentageProgram", "PercentageProgram\PercentageProgram.csproj", "{F2EA2733-E056-4DF5-A98D-2387DF0B8FA7}"
EndProject
Global
	GlobalSection(SolutionConfigurationPlatforms) = preSolution
		Debug|Any CPU = Debug|Any CPU
		Release|Any CPU = Release|Any CPU
	EndGlobalSection
	GlobalSection(ProjectConfigurationPlatforms) = postSolution
		{F2EA2733-E056-4DF5-A98D-2387DF0B8FA7}.Debug|Any CPU.ActiveCfg = Debug|Any CPU
		{F2EA2733-E056-4DF5-A98D-2387DF0B8FA7}.Debug|Any CPU.Build.0 = Debug|Any CPU
		{F2EA2733-E056-4DF5-A98D-2387DF0B8FA7}.Release|Any CPU.ActiveCfg = Release|Any CPU
		{F2EA2733-E056-4DF5-A98D-2387DF0B8FA7}.Release|Any CPU.Build.0 = Release|Any CPU
	EndGlobalSection
	GlobalSection(SolutionProperties) = preSolution
		HideSolutionNode = FALSE
	EndGlobalSection
	GlobalSection(ExtensibilityGlobals) = postSolution
		SolutionGuid = {5EB1E6A3-F22D-49D2-AF79-103B3DD7B2EE}
	EndGlobalSection
EndGlobal
